
Microsoft Visual Studio Solution File, Format Version 12.00
# Visual Studio Version 17
VisualStudioVersion = 17.7.34009.444
MinimumVisualStudioVersion = 10.0.40219.1
Project("{FAE04EC0-301F-11D3-BF4B-00C04F79EFBC}") = "Aula1-POO2", "Aula1-POO2\Aula1-POO2.csproj", "{F81D9843-ED11-4871-BF66-582FC7D5A58E}"
EndProject
Global
	GlobalSection(SolutionConfigurationPlatforms) = preSolution
		Debug|Any CPU = Debug|Any CPU
		Release|Any CPU = Release|Any CPU
	EndGlobalSection
	GlobalSection(ProjectConfigurationPlatforms) = postSolution
		{F81D9843-ED11-4871-BF66-582FC7D5A58E}.Debug|Any CPU.ActiveCfg = Debug|Any CPU
		{F81D9843-ED11-4871-BF66-582FC7D5A58E}.Debug|Any CPU.Build.0 = Debug|Any CPU
		{F81D9843-ED11-4871-BF66-582FC7D5A58E}.Release|Any CPU.ActiveCfg = Release|Any CPU
		{F81D9843-ED11-4871-BF66-582FC7D5A58E}.Release|Any CPU.Build.0 = Release|Any CPU
	EndGlobalSection
	GlobalSection(SolutionProperties) = preSolution
		HideSolutionNode = FALSE
	EndGlobalSection
	GlobalSection(ExtensibilityGlobals) = postSolution
		SolutionGuid = {3228C63A-8BA9-4D55-8107-3242BEDE9F26}
	EndGlobalSection
EndGlobal
